
Microsoft Visual Studio Solution File, Format Version 12.00
# Visual Studio 15
VisualStudioVersion = 15.0.28307.572
MinimumVisualStudioVersion = 10.0.40219.1
Project("{FAE04EC0-301F-11D3-BF4B-00C04F79EFBC}") = "ManaApp.Android", "ManaApp\ManaApp.Android\ManaApp.Android.csproj", "{5C0EC5ED-2459-4422-86DA-4A49BDA7DEAF}"
EndProject
Project("{FAE04EC0-301F-11D3-BF4B-00C04F79EFBC}") = "ManaApp.iOS", "ManaApp\ManaApp.iOS\ManaApp.iOS.csproj", "{E44722FA-3A4F-4835-908C-2E28E77418EF}"
EndProject
Project("{FAE04EC0-301F-11D3-BF4B-00C04F79EFBC}") = "ManaApp.UWP", "ManaApp\ManaApp.UWP\ManaApp.UWP.csproj", "{E2ABE31D-C69F-4B97-AD8B-5BA2AC43C665}"
EndProject
Project("{FAE04EC0-301F-11D3-BF4B-00C04F79EFBC}") = "ManaApp", "ManaApp\ManaApp\ManaApp.csproj", "{D633F3B2-998B-4A4B-906C-12099C352051}"
EndProject
Global
	GlobalSection(SolutionConfigurationPlatforms) = preSolution
		Ad-Hoc|Any CPU = Ad-Hoc|Any CPU
		Ad-Hoc|ARM = Ad-Hoc|ARM
		Ad-Hoc|iPhone = Ad-Hoc|iPhone
		Ad-Hoc|iPhoneSimulator = Ad-Hoc|iPhoneSimulator
		Ad-Hoc|x64 = Ad-Hoc|x64
		Ad-Hoc|x86 = Ad-Hoc|x86
		AppStore|Any CPU = AppStore|Any CPU
		AppStore|ARM = AppStore|ARM
		AppStore|iPhone = AppStore|iPhone
		AppStore|iPhoneSimulator = AppStore|iPhoneSimulator
		AppStore|x64 = AppStore|x64
		AppStore|x86 = AppStore|x86
		Debug|Any CPU = Debug|Any CPU
		Debug|ARM = Debug|ARM
		Debug|iPhone = Debug|iPhone
		Debug|iPhoneSimulator = Debug|iPhoneSimulator
		Debug|x64 = Debug|x64
		Debug|x86 = Debug|x86
		Release|Any CPU = Release|Any CPU
		Release|ARM = Release|ARM
		Release|iPhone = Release|iPhone
		Release|iPhoneSimulator = Release|iPhoneSimulator
		Release|x64 = Release|x64
		Release|x86 = Release|x86
	EndGlobalSection
	GlobalSection(ProjectConfigurationPlatforms) = postSolution
		{5C0EC5ED-2459-4422-86DA-4A49BDA7DEAF}.Ad-Hoc|Any CPU.ActiveCfg = Release|Any CPU
		{5C0EC5ED-2459-4422-86DA-4A49BDA7DEAF}.Ad-Hoc|Any CPU.Build.0 = Release|Any CPU
		{5C0EC5ED-2459-4422-86DA-4A49BDA7DEAF}.Ad-Hoc|Any CPU.Deploy.0 = Release|Any CPU
		{5C0EC5ED-2459-4422-86DA-4A49BDA7DEAF}.Ad-Hoc|ARM.ActiveCfg = Release|Any CPU
		{5C0EC5ED-2459-4422-86DA-4A49BDA7DEAF}.Ad-Hoc|ARM.Build.0 = Release|Any CPU
		{5C0EC5ED-2459-4422-86DA-4A49BDA7DEAF}.Ad-Hoc|ARM.Deploy.0 = Release|Any CPU
		{5C0EC5ED-2459-4422-86DA-4A49BDA7DEAF}.Ad-Hoc|iPhone.ActiveCfg = Release|Any CPU
		{5C0EC5ED-2459-4422-86DA-4A49BDA7DEAF}.Ad-Hoc|iPhone.Build.0 = Release|Any CPU
		{5C0EC5ED-2459-4422-86DA-4A49BDA7DEAF}.Ad-Hoc|iPhone.Deploy.0 = Release|Any CPU
		{5C0EC5ED-2459-4422-86DA-4A49BDA7DEAF}.Ad-Hoc|iPhoneSimulator.ActiveCfg = Release|Any CPU
		{5C0EC5ED-2459-4422-86DA-4A49BDA7DEAF}.Ad-Hoc|iPhoneSimulator.Build.0 = Release|Any CPU
		{5C0EC5ED-2459-4422-86DA-4A49BDA7DEAF}.Ad-Hoc|iPhoneSimulator.Deploy.0 = Release|Any CPU
		{5C0EC5ED-2459-4422-86DA-4A49BDA7DEAF}.Ad-Hoc|x64.ActiveCfg = Release|Any CPU
		{5C0EC5ED-2459-4422-86DA-4A49BDA7DEAF}.Ad-Hoc|x64.Build.0 = Release|Any CPU
		{5C0EC5ED-2459-4422-86DA-4A49BDA7DEAF}.Ad-Hoc|x64.Deploy.0 = Release|Any CPU
		{5C0EC5ED-2459-4422-86DA-4A49BDA7DEAF}.Ad-Hoc|x86.ActiveCfg = Release|Any CPU
		{5C0EC5ED-2459-4422-86DA-4A49BDA7DEAF}.Ad-Hoc|x86.Build.0 = Release|Any CPU
		{5C0EC5ED-2459-4422-86DA-4A49BDA7DEAF}.Ad-Hoc|x86.Deploy.0 = Release|Any CPU
		{5C0EC5ED-2459-4422-86DA-4A49BDA7DEAF}.AppStore|Any CPU.ActiveCfg = Release|Any CPU
		{5C0EC5ED-2459-4422-86DA-4A49BDA7DEAF}.AppStore|Any CPU.Build.0 = Release|Any CPU
		{5C0EC5ED-2459-4422-86DA-4A49BDA7DEAF}.AppStore|Any CPU.Deploy.0 = Release|Any CPU
		{5C0EC5ED-2459-4422-86DA-4A49BDA7DEAF}.AppStore|ARM.ActiveCfg = Release|Any CPU
		{5C0EC5ED-2459-4422-86DA-4A49BDA7DEAF}.AppStore|ARM.Build.0 = Release|Any CPU
		{5C0EC5ED-2459-4422-86DA-4A49BDA7DEAF}.AppStore|ARM.Deploy.0 = Release|Any CPU
		{5C0EC5ED-2459-4422-86DA-4A49BDA7DEAF}.AppStore|iPhone.ActiveCfg = Release|Any CPU
		{5C0EC5ED-2459-4422-86DA-4A49BDA7DEAF}.AppStore|iPhone.Build.0 = Release|Any CPU
		{5C0EC5ED-2459-4422-86DA-4A49BDA7DEAF}.AppStore|iPhone.Deploy.0 = Release|Any CPU
		{5C0EC5ED-2459-4422-86DA-4A49BDA7DEAF}.AppStore|iPhoneSimulator.ActiveCfg = Release|Any CPU
		{5C0EC5ED-2459-4422-86DA-4A49BDA7DEAF}.AppStore|iPhoneSimulator.Build.0 = Release|Any CPU
		{5C0EC5ED-2459-4422-86DA-4A49BDA7DEAF}.AppStore|iPhoneSimulator.Deploy.0 = Release|Any CPU
		{5C0EC5ED-2459-4422-86DA-4A49BDA7DEAF}.AppStore|x64.ActiveCfg = Release|Any CPU
		{5C0EC5ED-2459-4422-86DA-4A49BDA7DEAF}.AppStore|x64.Build.0 = Release|Any CPU
		{5C0EC5ED-2459-4422-86DA-4A49BDA7DEAF}.AppStore|x64.Deploy.0 = Release|Any CPU
		{5C0EC5ED-2459-4422-86DA-4A49BDA7DEAF}.AppStore|x86.ActiveCfg = Release|Any CPU
		{5C0EC5ED-2459-4422-86DA-4A49BDA7DEAF}.AppStore|x86.Build.0 = Release|Any CPU
		{5C0EC5ED-2459-4422-86DA-4A49BDA7DEAF}.AppStore|x86.Deploy.0 = Release|Any CPU
		{5C0EC5ED-2459-4422-86DA-4A49BDA7DEAF}.Debug|Any CPU.ActiveCfg = Debug|Any CPU
		{5C0EC5ED-2459-4422-86DA-4A49BDA7DEAF}.Debug|Any CPU.Build.0 = Debug|Any CPU
		{5C0EC5ED-2459-4422-86DA-4A49BDA7DEAF}.Debug|Any CPU.Deploy.0 = Debug|Any CPU
		{5C0EC5ED-2459-4422-86DA-4A49BDA7DEAF}.Debug|ARM.ActiveCfg = Debug|Any CPU
		{5C0EC5ED-2459-4422-86DA-4A49BDA7DEAF}.Debug|ARM.Build.0 = Debug|Any CPU
		{5C0EC5ED-2459-4422-86DA-4A49BDA7DEAF}.Debug|ARM.Deploy.0 = Debug|Any CPU
		{5C0EC5ED-2459-4422-86DA-4A49BDA7DEAF}.Debug|iPhone.ActiveCfg = Debug|Any CPU
		{5C0EC5ED-2459-4422-86DA-4A49BDA7DEAF}.Debug|iPhone.Build.0 = Debug|Any CPU
		{5C0EC5ED-2459-4422-86DA-4A49BDA7DEAF}.Debug|iPhone.Deploy.0 = Debug|Any CPU
		{5C0EC5ED-2459-4422-86DA-4A49BDA7DEAF}.Debug|iPhoneSimulator.ActiveCfg = Debug|Any CPU
		{5C0EC5ED-2459-4422-86DA-4A49BDA7DEAF}.Debug|iPhoneSimulator.Build.0 = Debug|Any CPU
		{5C0EC5ED-2459-4422-86DA-4A49BDA7DEAF}.Debug|iPhoneSimulator.Deploy.0 = Debug|Any CPU
		{5C0EC5ED-2459-4422-86DA-4A49BDA7DEAF}.Debug|x64.ActiveCfg = Debug|Any CPU
		{5C0EC5ED-2459-4422-86DA-4A49BDA7DEAF}.Debug|x64.Build.0 = Debug|Any CPU
		{5C0EC5ED-2459-4422-86DA-4A49BDA7DEAF}.Debug|x64.Deploy.0 = Debug|Any CPU
		{5C0EC5ED-2459-4422-86DA-4A49BDA7DEAF}.Debug|x86.ActiveCfg = Debug|Any CPU
		{5C0EC5ED-2459-4422-86DA-4A49BDA7DEAF}.Debug|x86.Build.0 = Debug|Any CPU
		{5C0EC5ED-2459-4422-86DA-4A49BDA7DEAF}.Debug|x86.Deploy.0 = Debug|Any CPU
		{5C0EC5ED-2459-4422-86DA-4A49BDA7DEAF}.Release|Any CPU.ActiveCfg = Release|Any CPU
		{5C0EC5ED-2459-4422-86DA-4A49BDA7DEAF}.Release|Any CPU.Build.0 = Release|Any CPU
		{5C0EC5ED-2459-4422-86DA-4A49BDA7DEAF}.Release|Any CPU.Deploy.0 = Release|Any CPU
		{5C0EC5ED-2459-4422-86DA-4A49BDA7DEAF}.Release|ARM.ActiveCfg = Release|Any CPU
		{5C0EC5ED-2459-4422-86DA-4A49BDA7DEAF}.Release|ARM.Build.0 = Release|Any CPU
		{5C0EC5ED-2459-4422-86DA-4A49BDA7DEAF}.Release|ARM.Deploy.0 = Release|Any CPU
		{5C0EC5ED-2459-4422-86DA-4A49BDA7DEAF}.Release|iPhone.ActiveCfg = Release|Any CPU
		{5C0EC5ED-2459-4422-86DA-4A49BDA7DEAF}.Release|iPhone.Build.0 = Release|Any CPU
		{5C0EC5ED-2459-4422-86DA-4A49BDA7DEAF}.Release|iPhone.Deploy.0 = Release|Any CPU
		{5C0EC5ED-2459-4422-86DA-4A49BDA7DEAF}.Release|iPhoneSimulator.ActiveCfg = Release|Any CPU
		{5C0EC5ED-2459-4422-86DA-4A49BDA7DEAF}.Release|iPhoneSimulator.Build.0 = Release|Any CPU
		{5C0EC5ED-2459-4422-86DA-4A49BDA7DEAF}.Release|iPhoneSimulator.Deploy.0 = Release|Any CPU
		{5C0EC5ED-2459-4422-86DA-4A49BDA7DEAF}.Release|x64.ActiveCfg = Release|Any CPU
		{5C0EC5ED-2459-4422-86DA-4A49BDA7DEAF}.Release|x64.Build.0 = Release|Any CPU
		{5C0EC5ED-2459-4422-86DA-4A49BDA7DEAF}.Release|x64.Deploy.0 = Release|Any CPU
		{5C0EC5ED-2459-4422-86DA-4A49BDA7DEAF}.Release|x86.ActiveCfg = Release|Any CPU
		{5C0EC5ED-2459-4422-86DA-4A49BDA7DEAF}.Release|x86.Build.0 = Release|Any CPU
		{5C0EC5ED-2459-4422-86DA-4A49BDA7DEAF}.Release|x86.Deploy.0 = Release|Any CPU
		{E44722FA-3A4F-4835-908C-2E28E77418EF}.Ad-Hoc|Any CPU.ActiveCfg = Ad-Hoc|iPhone
		{E44722FA-3A4F-4835-908C-2E28E77418EF}.Ad-Hoc|Any CPU.Build.0 = Ad-Hoc|iPhone
		{E44722FA-3A4F-4835-908C-2E28E77418EF}.Ad-Hoc|Any CPU.Deploy.0 = Ad-Hoc|iPhone
		{E44722FA-3A4F-4835-908C-2E28E77418EF}.Ad-Hoc|ARM.ActiveCfg = Ad-Hoc|iPhone
		{E44722FA-3A4F-4835-908C-2E28E77418EF}.Ad-Hoc|ARM.Build.0 = Ad-Hoc|iPhone
		{E44722FA-3A4F-4835-908C-2E28E77418EF}.Ad-Hoc|ARM.Deploy.0 = Ad-Hoc|iPhone
		{E44722FA-3A4F-4835-908C-2E28E77418EF}.Ad-Hoc|iPhone.ActiveCfg = Ad-Hoc|iPhone
		{E44722FA-3A4F-4835-908C-2E28E77418EF}.Ad-Hoc|iPhone.Build.0 = Ad-Hoc|iPhone
		{E44722FA-3A4F-4835-908C-2E28E77418EF}.Ad-Hoc|iPhone.Deploy.0 = Ad-Hoc|iPhone
		{E44722FA-3A4F-4835-908C-2E28E77418EF}.Ad-Hoc|iPhoneSimulator.ActiveCfg = Ad-Hoc|iPhoneSimulator
		{E44722FA-3A4F-4835-908C-2E28E77418EF}.Ad-Hoc|iPhoneSimulator.Build.0 = Ad-Hoc|iPhoneSimulator
		{E44722FA-3A4F-4835-908C-2E28E77418EF}.Ad-Hoc|iPhoneSimulator.Deploy.0 = Ad-Hoc|iPhoneSimulator
		{E44722FA-3A4F-4835-908C-2E28E77418EF}.Ad-Hoc|x64.ActiveCfg = Ad-Hoc|iPhone
		{E44722FA-3A4F-4835-908C-2E28E77418EF}.Ad-Hoc|x64.Build.0 = Ad-Hoc|iPhone
		{E44722FA-3A4F-4835-908C-2E28E77418EF}.Ad-Hoc|x64.Deploy.0 = Ad-Hoc|iPhone
		{E44722FA-3A4F-4835-908C-2E28E77418EF}.Ad-Hoc|x86.ActiveCfg = Ad-Hoc|iPhone
		{E44722FA-3A4F-4835-908C-2E28E77418EF}.Ad-Hoc|x86.Build.0 = Ad-Hoc|iPhone
		{E44722FA-3A4F-4835-908C-2E28E77418EF}.Ad-Hoc|x86.Deploy.0 = Ad-Hoc|iPhone
		{E44722FA-3A4F-4835-908C-2E28E77418EF}.AppStore|Any CPU.ActiveCfg = AppStore|iPhone
		{E44722FA-3A4F-4835-908C-2E28E77418EF}.AppStore|Any CPU.Build.0 = AppStore|iPhone
		{E44722FA-3A4F-4835-908C-2E28E77418EF}.AppStore|Any CPU.Deploy.0 = AppStore|iPhone
		{E44722FA-3A4F-4835-908C-2E28E77418EF}.AppStore|ARM.ActiveCfg = AppStore|iPhone
		{E44722FA-3A4F-4835-908C-2E28E77418EF}.AppStore|ARM.Build.0 = AppStore|iPhone
		{E44722FA-3A4F-4835-908C-2E28E77418EF}.AppStore|ARM.Deploy.0 = AppStore|iPhone
		{E44722FA-3A4F-4835-908C-2E28E77418EF}.AppStore|iPhone.ActiveCfg = AppStore|iPhone
		{E44722FA-3A4F-4835-908C-2E28E77418EF}.AppStore|iPhone.Build.0 = AppStore|iPhone
		{E44722FA-3A4F-4835-908C-2E28E77418EF}.AppStore|iPhone.Deploy.0 = AppStore|iPhone
		{E44722FA-3A4F-4835-908C-2E28E77418EF}.AppStore|iPhoneSimulator.ActiveCfg = AppStore|iPhoneSimulator
		{E44722FA-3A4F-4835-908C-2E28E77418EF}.AppStore|iPhoneSimulator.Build.0 = AppStore|iPhoneSimulator
		{E44722FA-3A4F-4835-908C-2E28E77418EF}.AppStore|iPhoneSimulator.Deploy.0 = AppStore|iPhoneSimulator
		{E44722FA-3A4F-4835-908C-2E28E77418EF}.AppStore|x64.ActiveCfg = AppStore|iPhone
		{E44722FA-3A4F-4835-908C-2E28E77418EF}.AppStore|x64.Build.0 = AppStore|iPhone
		{E44722FA-3A4F-4835-908C-2E28E77418EF}.AppStore|x64.Deploy.0 = AppStore|iPhone
		{E44722FA-3A4F-4835-908C-2E28E77418EF}.AppStore|x86.ActiveCfg = AppStore|iPhone
		{E44722FA-3A4F-4835-908C-2E28E77418EF}.AppStore|x86.Build.0 = AppStore|iPhone
		{E44722FA-3A4F-4835-908C-2E28E77418EF}.AppStore|x86.Deploy.0 = AppStore|iPhone
		{E44722FA-3A4F-4835-908C-2E28E77418EF}.Debug|Any CPU.ActiveCfg = Debug|iPhoneSimulator
		{E44722FA-3A4F-4835-908C-2E28E77418EF}.Debug|Any CPU.Build.0 = Debug|iPhoneSimulator
		{E44722FA-3A4F-4835-908C-2E28E77418EF}.Debug|Any CPU.Deploy.0 = Debug|iPhoneSimulator
		{E44722FA-3A4F-4835-908C-2E28E77418EF}.Debug|ARM.ActiveCfg = Debug|iPhone
		{E44722FA-3A4F-4835-908C-2E28E77418EF}.Debug|ARM.Build.0 = Debug|iPhone
		{E44722FA-3A4F-4835-908C-2E28E77418EF}.Debug|ARM.Deploy.0 = Debug|iPhone
		{E44722FA-3A4F-4835-908C-2E28E77418EF}.Debug|iPhone.ActiveCfg = Debug|iPhone
		{E44722FA-3A4F-4835-908C-2E28E77418EF}.Debug|iPhone.Build.0 = Debug|iPhone
		{E44722FA-3A4F-4835-908C-2E28E77418EF}.Debug|iPhone.Deploy.0 = Debug|iPhone
		{E44722FA-3A4F-4835-908C-2E28E77418EF}.Debug|iPhoneSimulator.ActiveCfg = Debug|iPhoneSimulator
		{E44722FA-3A4F-4835-908C-2E28E77418EF}.Debug|iPhoneSimulator.Build.0 = Debug|iPhoneSimulator
		{E44722FA-3A4F-4835-908C-2E28E77418EF}.Debug|iPhoneSimulator.Deploy.0 = Debug|iPhoneSimulator
		{E44722FA-3A4F-4835-908C-2E28E77418EF}.Debug|x64.ActiveCfg = Debug|iPhone
		{E44722FA-3A4F-4835-908C-2E28E77418EF}.Debug|x64.Build.0 = Debug|iPhone
		{E44722FA-3A4F-4835-908C-2E28E77418EF}.Debug|x64.Deploy.0 = Debug|iPhone
		{E44722FA-3A4F-4835-908C-2E28E77418EF}.Debug|x86.ActiveCfg = Debug|iPhone
		{E44722FA-3A4F-4835-908C-2E28E77418EF}.Debug|x86.Build.0 = Debug|iPhone
		{E44722FA-3A4F-4835-908C-2E28E77418EF}.Debug|x86.Deploy.0 = Debug|iPhone
		{E44722FA-3A4F-4835-908C-2E28E77418EF}.Release|Any CPU.ActiveCfg = Release|iPhone
		{E44722FA-3A4F-4835-908C-2E28E77418EF}.Release|Any CPU.Build.0 = Release|iPhone
		{E44722FA-3A4F-4835-908C-2E28E77418EF}.Release|Any CPU.Deploy.0 = Release|iPhone
		{E44722FA-3A4F-4835-908C-2E28E77418EF}.Release|ARM.ActiveCfg = Release|iPhone
		{E44722FA-3A4F-4835-908C-2E28E77418EF}.Release|ARM.Build.0 = Release|iPhone
		{E44722FA-3A4F-4835-908C-2E28E77418EF}.Release|ARM.Deploy.0 = Release|iPhone
		{E44722FA-3A4F-4835-908C-2E28E77418EF}.Release|iPhone.ActiveCfg = Release|iPhone
		{E44722FA-3A4F-4835-908C-2E28E77418EF}.Release|iPhone.Build.0 = Release|iPhone
		{E44722FA-3A4F-4835-908C-2E28E77418EF}.Release|iPhone.Deploy.0 = Release|iPhone
		{E44722FA-3A4F-4835-908C-2E28E77418EF}.Release|iPhoneSimulator.ActiveCfg = Release|iPhoneSimulator
		{E44722FA-3A4F-4835-908C-2E28E77418EF}.Release|iPhoneSimulator.Build.0 = Release|iPhoneSimulator
		{E44722FA-3A4F-4835-908C-2E28E77418EF}.Release|iPhoneSimulator.Deploy.0 = Release|iPhoneSimulator
		{E44722FA-3A4F-4835-908C-2E28E77418EF}.Release|x64.ActiveCfg = Release|iPhone
		{E44722FA-3A4F-4835-908C-2E28E77418EF}.Release|x64.Build.0 = Release|iPhone
		{E44722FA-3A4F-4835-908C-2E28E77418EF}.Release|x64.Deploy.0 = Release|iPhone
		{E44722FA-3A4F-4835-908C-2E28E77418EF}.Release|x86.ActiveCfg = Release|iPhone
		{E44722FA-3A4F-4835-908C-2E28E77418EF}.Release|x86.Build.0 = Release|iPhone
		{E44722FA-3A4F-4835-908C-2E28E77418EF}.Release|x86.Deploy.0 = Release|iPhone
		{E2ABE31D-C69F-4B97-AD8B-5BA2AC43C665}.Ad-Hoc|Any CPU.ActiveCfg = Release|x86
		{E2ABE31D-C69F-4B97-AD8B-5BA2AC43C665}.Ad-Hoc|Any CPU.Build.0 = Release|x86
		{E2ABE31D-C69F-4B97-AD8B-5BA2AC43C665}.Ad-Hoc|Any CPU.Deploy.0 = Release|x86
		{E2ABE31D-C69F-4B97-AD8B-5BA2AC43C665}.Ad-Hoc|ARM.ActiveCfg = Release|ARM
		{E2ABE31D-C69F-4B97-AD8B-5BA2AC43C665}.Ad-Hoc|ARM.Build.0 = Release|ARM
		{E2ABE31D-C69F-4B97-AD8B-5BA2AC43C665}.Ad-Hoc|ARM.Deploy.0 = Release|ARM
		{E2ABE31D-C69F-4B97-AD8B-5BA2AC43C665}.Ad-Hoc|iPhone.ActiveCfg = Release|x86
		{E2ABE31D-C69F-4B97-AD8B-5BA2AC43C665}.Ad-Hoc|iPhone.Build.0 = Release|x86
		{E2ABE31D-C69F-4B97-AD8B-5BA2AC43C665}.Ad-Hoc|iPhone.Deploy.0 = Release|x86
		{E2ABE31D-C69F-4B97-AD8B-5BA2AC43C665}.Ad-Hoc|iPhoneSimulator.ActiveCfg = Release|x86
		{E2ABE31D-C69F-4B97-AD8B-5BA2AC43C665}.Ad-Hoc|iPhoneSimulator.Build.0 = Release|x86
		{E2ABE31D-C69F-4B97-AD8B-5BA2AC43C665}.Ad-Hoc|iPhoneSimulator.Deploy.0 = Release|x86
		{E2ABE31D-C69F-4B97-AD8B-5BA2AC43C665}.Ad-Hoc|x64.ActiveCfg = Release|x64
		{E2ABE31D-C69F-4B97-AD8B-5BA2AC43C665}.Ad-Hoc|x64.Build.0 = Release|x64
		{E2ABE31D-C69F-4B97-AD8B-5BA2AC43C665}.Ad-Hoc|x64.Deploy.0 = Release|x64
		{E2ABE31D-C69F-4B97-AD8B-5BA2AC43C665}.Ad-Hoc|x86.ActiveCfg = Release|x86
		{E2ABE31D-C69F-4B97-AD8B-5BA2AC43C665}.Ad-Hoc|x86.Build.0 = Release|x86
		{E2ABE31D-C69F-4B97-AD8B-5BA2AC43C665}.Ad-Hoc|x86.Deploy.0 = Release|x86
		{E2ABE31D-C69F-4B97-AD8B-5BA2AC43C665}.AppStore|Any CPU.ActiveCfg = Release|x86
		{E2ABE31D-C69F-4B97-AD8B-5BA2AC43C665}.AppStore|Any CPU.Build.0 = Release|x86
		{E2ABE31D-C69F-4B97-AD8B-5BA2AC43C665}.AppStore|Any CPU.Deploy.0 = Release|x86
		{E2ABE31D-C69F-4B97-AD8B-5BA2AC43C665}.AppStore|ARM.ActiveCfg = Release|ARM
		{E2ABE31D-C69F-4B97-AD8B-5BA2AC43C665}.AppStore|ARM.Build.0 = Release|ARM
		{E2ABE31D-C69F-4B97-AD8B-5BA2AC43C665}.AppStore|ARM.Deploy.0 = Release|ARM
		{E2ABE31D-C69F-4B97-AD8B-5BA2AC43C665}.AppStore|iPhone.ActiveCfg = Release|x86
		{E2ABE31D-C69F-4B97-AD8B-5BA2AC43C665}.AppStore|iPhone.Build.0 = Release|x86
		{E2ABE31D-C69F-4B97-AD8B-5BA2AC43C665}.AppStore|iPhone.Deploy.0 = Release|x86
		{E2ABE31D-C69F-4B97-AD8B-5BA2AC43C665}.AppStore|iPhoneSimulator.ActiveCfg = Release|x86
		{E2ABE31D-C69F-4B97-AD8B-5BA2AC43C665}.AppStore|iPhoneSimulator.Build.0 = Release|x86
		{E2ABE31D-C69F-4B97-AD8B-5BA2AC43C665}.AppStore|iPhoneSimulator.Deploy.0 = Release|x86
		{E2ABE31D-C69F-4B97-AD8B-5BA2AC43C665}.AppStore|x64.ActiveCfg = Release|x64
		{E2ABE31D-C69F-4B97-AD8B-5BA2AC43C665}.AppStore|x64.Build.0 = Release|x64
		{E2ABE31D-C69F-4B97-AD8B-5BA2AC43C665}.AppStore|x64.Deploy.0 = Release|x64
		{E2ABE31D-C69F-4B97-AD8B-5BA2AC43C665}.AppStore|x86.ActiveCfg = Release|x86
		{E2ABE31D-C69F-4B97-AD8B-5BA2AC43C665}.AppStore|x86.Build.0 = Release|x86
		{E2ABE31D-C69F-4B97-AD8B-5BA2AC43C665}.AppStore|x86.Deploy.0 = Release|x86
		{E2ABE31D-C69F-4B97-AD8B-5BA2AC43C665}.Debug|Any CPU.ActiveCfg = Debug|x86
		{E2ABE31D-C69F-4B97-AD8B-5BA2AC43C665}.Debug|Any CPU.Build.0 = Debug|x86
		{E2ABE31D-C69F-4B97-AD8B-5BA2AC43C665}.Debug|Any CPU.Deploy.0 = Debug|x86
		{E2ABE31D-C69F-4B97-AD8B-5BA2AC43C665}.Debug|ARM.ActiveCfg = Debug|ARM
		{E2ABE31D-C69F-4B97-AD8B-5BA2AC43C665}.Debug|ARM.Build.0 = Debug|ARM
		{E2ABE31D-C69F-4B97-AD8B-5BA2AC43C665}.Debug|ARM.Deploy.0 = Debug|ARM
		{E2ABE31D-C69F-4B97-AD8B-5BA2AC43C665}.Debug|iPhone.ActiveCfg = Debug|x86
		{E2ABE31D-C69F-4B97-AD8B-5BA2AC43C665}.Debug|iPhone.Build.0 = Debug|x86
		{E2ABE31D-C69F-4B97-AD8B-5BA2AC43C665}.Debug|iPhone.Deploy.0 = Debug|x86
		{E2ABE31D-C69F-4B97-AD8B-5BA2AC43C665}.Debug|iPhoneSimulator.ActiveCfg = Debug|x86
		{E2ABE31D-C69F-4B97-AD8B-5BA2AC43C665}.Debug|iPhoneSimulator.Build.0 = Debug|x86
		{E2ABE31D-C69F-4B97-AD8B-5BA2AC43C665}.Debug|iPhoneSimulator.Deploy.0 = Debug|x86
		{E2ABE31D-C69F-4B97-AD8B-5BA2AC43C665}.Debug|x64.ActiveCfg = Debug|x64
		{E2ABE31D-C69F-4B97-AD8B-5BA2AC43C665}.Debug|x64.Build.0 = Debug|x64
		{E2ABE31D-C69F-4B97-AD8B-5BA2AC43C665}.Debug|x64.Deploy.0 = Debug|x64
		{E2ABE31D-C69F-4B97-AD8B-5BA2AC43C665}.Debug|x86.ActiveCfg = Debug|x86
		{E2ABE31D-C69F-4B97-AD8B-5BA2AC43C665}.Debug|x86.Build.0 = Debug|x86
		{E2ABE31D-C69F-4B97-AD8B-5BA2AC43C665}.Debug|x86.Deploy.0 = Debug|x86
		{E2ABE31D-C69F-4B97-AD8B-5BA2AC43C665}.Release|Any CPU.ActiveCfg = Release|x86
		{E2ABE31D-C69F-4B97-AD8B-5BA2AC43C665}.Release|Any CPU.Build.0 = Release|x86
		{E2ABE31D-C69F-4B97-AD8B-5BA2AC43C665}.Release|Any CPU.Deploy.0 = Release|x86
		{E2ABE31D-C69F-4B97-AD8B-5BA2AC43C665}.Release|ARM.ActiveCfg = Release|ARM
		{E2ABE31D-C69F-4B97-AD8B-5BA2AC43C665}.Release|ARM.Build.0 = Release|ARM
		{E2ABE31D-C69F-4B97-AD8B-5BA2AC43C665}.Release|ARM.Deploy.0 = Release|ARM
		{E2ABE31D-C69F-4B97-AD8B-5BA2AC43C665}.Release|iPhone.ActiveCfg = Release|x86
		{E2ABE31D-C69F-4B97-AD8B-5BA2AC43C665}.Release|iPhone.Build.0 = Release|x86
		{E2ABE31D-C69F-4B97-AD8B-5BA2AC43C665}.Release|iPhone.Deploy.0 = Release|x86
		{E2ABE31D-C69F-4B97-AD8B-5BA2AC43C665}.Release|iPhoneSimulator.ActiveCfg = Release|x86
		{E2ABE31D-C69F-4B97-AD8B-5BA2AC43C665}.Release|iPhoneSimulator.Build.0 = Release|x86
		{E2ABE31D-C69F-4B97-AD8B-5BA2AC43C665}.Release|iPhoneSimulator.Deploy.0 = Release|x86
		{E2ABE31D-C69F-4B97-AD8B-5BA2AC43C665}.Release|x64.ActiveCfg = Release|x64
		{E2ABE31D-C69F-4B97-AD8B-5BA2AC43C665}.Release|x64.Build.0 = Release|x64
		{E2ABE31D-C69F-4B97-AD8B-5BA2AC43C665}.Release|x64.Deploy.0 = Release|x64
		{E2ABE31D-C69F-4B97-AD8B-5BA2AC43C665}.Release|x86.ActiveCfg = Release|x86
		{E2ABE31D-C69F-4B97-AD8B-5BA2AC43C665}.Release|x86.Build.0 = Release|x86
		{E2ABE31D-C69F-4B97-AD8B-5BA2AC43C665}.Release|x86.Deploy.0 = Release|x86
		{D633F3B2-998B-4A4B-906C-12099C352051}.Ad-Hoc|Any CPU.ActiveCfg = Debug|Any CPU
		{D633F3B2-998B-4A4B-906C-12099C352051}.Ad-Hoc|Any CPU.Build.0 = Debug|Any CPU
		{D633F3B2-998B-4A4B-906C-12099C352051}.Ad-Hoc|Any CPU.Deploy.0 = Debug|Any CPU
		{D633F3B2-998B-4A4B-906C-12099C352051}.Ad-Hoc|ARM.ActiveCfg = Debug|Any CPU
		{D633F3B2-998B-4A4B-906C-12099C352051}.Ad-Hoc|ARM.Build.0 = Debug|Any CPU
		{D633F3B2-998B-4A4B-906C-12099C352051}.Ad-Hoc|ARM.Deploy.0 = Debug|Any CPU
		{D633F3B2-998B-4A4B-906C-12099C352051}.Ad-Hoc|iPhone.ActiveCfg = Debug|Any CPU
		{D633F3B2-998B-4A4B-906C-12099C352051}.Ad-Hoc|iPhone.Build.0 = Debug|Any CPU
		{D633F3B2-998B-4A4B-906C-12099C352051}.Ad-Hoc|iPhone.Deploy.0 = Debug|Any CPU
		{D633F3B2-998B-4A4B-906C-12099C352051}.Ad-Hoc|iPhoneSimulator.ActiveCfg = Debug|Any CPU
		{D633F3B2-998B-4A4B-906C-12099C352051}.Ad-Hoc|iPhoneSimulator.Build.0 = Debug|Any CPU
		{D633F3B2-998B-4A4B-906C-12099C352051}.Ad-Hoc|iPhoneSimulator.Deploy.0 = Debug|Any CPU
		{D633F3B2-998B-4A4B-906C-12099C352051}.Ad-Hoc|x64.ActiveCfg = Debug|Any CPU
		{D633F3B2-998B-4A4B-906C-12099C352051}.Ad-Hoc|x64.Build.0 = Debug|Any CPU
		{D633F3B2-998B-4A4B-906C-12099C352051}.Ad-Hoc|x64.Deploy.0 = Debug|Any CPU
		{D633F3B2-998B-4A4B-906C-12099C352051}.Ad-Hoc|x86.ActiveCfg = Debug|Any CPU
		{D633F3B2-998B-4A4B-906C-12099C352051}.Ad-Hoc|x86.Build.0 = Debug|Any CPU
		{D633F3B2-998B-4A4B-906C-12099C352051}.Ad-Hoc|x86.Deploy.0 = Debug|Any CPU
		{D633F3B2-998B-4A4B-906C-12099C352051}.AppStore|Any CPU.ActiveCfg = Debug|Any CPU
		{D633F3B2-998B-4A4B-906C-12099C352051}.AppStore|Any CPU.Build.0 = Debug|Any CPU
		{D633F3B2-998B-4A4B-906C-12099C352051}.AppStore|Any CPU.Deploy.0 = Debug|Any CPU
		{D633F3B2-998B-4A4B-906C-12099C352051}.AppStore|ARM.ActiveCfg = Debug|Any CPU
		{D633F3B2-998B-4A4B-906C-12099C352051}.AppStore|ARM.Build.0 = Debug|Any CPU
		{D633F3B2-998B-4A4B-906C-12099C352051}.AppStore|ARM.Deploy.0 = Debug|Any CPU
		{D633F3B2-998B-4A4B-906C-12099C352051}.AppStore|iPhone.ActiveCfg = Debug|Any CPU
		{D633F3B2-998B-4A4B-906C-12099C352051}.AppStore|iPhone.Build.0 = Debug|Any CPU
		{D633F3B2-998B-4A4B-906C-12099C352051}.AppStore|iPhone.Deploy.0 = Debug|Any CPU
		{D633F3B2-998B-4A4B-906C-12099C352051}.AppStore|iPhoneSimulator.ActiveCfg = Debug|Any CPU
		{D633F3B2-998B-4A4B-906C-12099C352051}.AppStore|iPhoneSimulator.Build.0 = Debug|Any CPU
		{D633F3B2-998B-4A4B-906C-12099C352051}.AppStore|iPhoneSimulator.Deploy.0 = Debug|Any CPU
		{D633F3B2-998B-4A4B-906C-12099C352051}.AppStore|x64.ActiveCfg = Debug|Any CPU
		{D633F3B2-998B-4A4B-906C-12099C352051}.AppStore|x64.Build.0 = Debug|Any CPU
		{D633F3B2-998B-4A4B-906C-12099C352051}.AppStore|x64.Deploy.0 = Debug|Any CPU
		{D633F3B2-998B-4A4B-906C-12099C352051}.AppStore|x86.ActiveCfg = Debug|Any CPU
		{D633F3B2-998B-4A4B-906C-12099C352051}.AppStore|x86.Build.0 = Debug|Any CPU
		{D633F3B2-998B-4A4B-906C-12099C352051}.AppStore|x86.Deploy.0 = Debug|Any CPU
		{D633F3B2-998B-4A4B-906C-12099C352051}.Debug|Any CPU.ActiveCfg = Debug|Any CPU
		{D633F3B2-998B-4A4B-906C-12099C352051}.Debug|Any CPU.Build.0 = Debug|Any CPU
		{D633F3B2-998B-4A4B-906C-12099C352051}.Debug|Any CPU.Deploy.0 = Debug|Any CPU
		{D633F3B2-998B-4A4B-906C-12099C352051}.Debug|ARM.ActiveCfg = Debug|Any CPU
		{D633F3B2-998B-4A4B-906C-12099C352051}.Debug|ARM.Build.0 = Debug|Any CPU
		{D633F3B2-998B-4A4B-906C-12099C352051}.Debug|ARM.Deploy.0 = Debug|Any CPU
		{D633F3B2-998B-4A4B-906C-12099C352051}.Debug|iPhone.ActiveCfg = Debug|Any CPU
		{D633F3B2-998B-4A4B-906C-12099C352051}.Debug|iPhone.Build.0 = Debug|Any CPU
		{D633F3B2-998B-4A4B-906C-12099C352051}.Debug|iPhone.Deploy.0 = Debug|Any CPU
		{D633F3B2-998B-4A4B-906C-12099C352051}.Debug|iPhoneSimulator.ActiveCfg = Debug|Any CPU
		{D633F3B2-998B-4A4B-906C-12099C352051}.Debug|iPhoneSimulator.Build.0 = Debug|Any CPU
		{D633F3B2-998B-4A4B-906C-12099C352051}.Debug|iPhoneSimulator.Deploy.0 = Debug|Any CPU
		{D633F3B2-998B-4A4B-906C-12099C352051}.Debug|x64.ActiveCfg = Debug|Any CPU
		{D633F3B2-998B-4A4B-906C-12099C352051}.Debug|x64.Build.0 = Debug|Any CPU
		{D633F3B2-998B-4A4B-906C-12099C352051}.Debug|x64.Deploy.0 = Debug|Any CPU
		{D633F3B2-998B-4A4B-906C-12099C352051}.Debug|x86.ActiveCfg = Debug|Any CPU
		{D633F3B2-998B-4A4B-906C-12099C352051}.Debug|x86.Build.0 = Debug|Any CPU
		{D633F3B2-998B-4A4B-906C-12099C352051}.Debug|x86.Deploy.0 = Debug|Any CPU
		{D633F3B2-998B-4A4B-906C-12099C352051}.Release|Any CPU.ActiveCfg = Release|Any CPU
		{D633F3B2-998B-4A4B-906C-12099C352051}.Release|Any CPU.Build.0 = Release|Any CPU
		{D633F3B2-998B-4A4B-906C-12099C352051}.Release|Any CPU.Deploy.0 = Release|Any CPU
		{D633F3B2-998B-4A4B-906C-12099C352051}.Release|ARM.ActiveCfg = Release|Any CPU
		{D633F3B2-998B-4A4B-906C-12099C352051}.Release|ARM.Build.0 = Release|Any CPU
		{D633F3B2-998B-4A4B-906C-12099C352051}.Release|ARM.Deploy.0 = Release|Any CPU
		{D633F3B2-998B-4A4B-906C-12099C352051}.Release|iPhone.ActiveCfg = Release|Any CPU
		{D633F3B2-998B-4A4B-906C-12099C352051}.Release|iPhone.Build.0 = Release|Any CPU
		{D633F3B2-998B-4A4B-906C-12099C352051}.Release|iPhone.Deploy.0 = Release|Any CPU
		{D633F3B2-998B-4A4B-906C-12099C352051}.Release|iPhoneSimulator.ActiveCfg = Release|Any CPU
		{D633F3B2-998B-4A4B-906C-12099C352051}.Release|iPhoneSimulator.Build.0 = Release|Any CPU
		{D633F3B2-998B-4A4B-906C-12099C352051}.Release|iPhoneSimulator.Deploy.0 = Release|Any CPU
		{D633F3B2-998B-4A4B-906C-12099C352051}.Release|x64.ActiveCfg = Release|Any CPU
		{D633F3B2-998B-4A4B-906C-12099C352051}.Release|x64.Build.0 = Release|Any CPU
		{D633F3B2-998B-4A4B-906C-12099C352051}.Release|x64.Deploy.0 = Release|Any CPU
		{D633F3B2-998B-4A4B-906C-12099C352051}.Release|x86.ActiveCfg = Release|Any CPU
		{D633F3B2-998B-4A4B-906C-12099C352051}.Release|x86.Build.0 = Release|Any CPU
		{D633F3B2-998B-4A4B-906C-12099C352051}.Release|x86.Deploy.0 = Release|Any CPU
	EndGlobalSection
	GlobalSection(SolutionProperties) = preSolution
		HideSolutionNode = FALSE
	EndGlobalSection
	GlobalSection(ExtensibilityGlobals) = postSolution
		SolutionGuid = {AEA73E07-5E66-4CC2-8F30-4E49B7D88875}
	EndGlobalSection
EndGlobal
